{
  "name": "20191108_angularjs-todoapp",
  "version": "1.0.0",
  "lockfileVersion": 1,
  "requires": true,
  "dependencies": {
    "@types/angular": {
      "version": "1.8.4",
      "resolved": "https://registry.npmjs.org/@types/angular/-/angular-1.8.4.tgz",
      "integrity": "sha512-wPS/ncJWhyxJsndsW1B6Ta8D4mi97x1yItSu+rkLDytU3oRIh2CFAjMuJceYwFAh9+DIohndWM0QBA9OU2Hv0g=="
    },
    "angular": {
      "version": "1.8.3",
      "resolved": "https://registry.npmjs.org/angular/-/angular-1.8.3.tgz",
      "integrity": "sha512-5qjkWIQQVsHj4Sb5TcEs4WZWpFeVFHXwxEBHUhrny41D8UrBAd6T/6nPPAsLngJCReIOqi95W3mxdveveutpZw=="
    },
    "typescript": {
      "version": "2.3.0",
      "resolved": "https://registry.npmjs.org/typescript/-/typescript-2.3.0.tgz",
      "integrity": "sha1-LmPgkoQ5K8gViiREwz4gk3lcBBg="
    }
  }
}
